{
  "name": "test",
  "lockfileVersion": 2,
  "requires": true,
  "packages": {
    "": {
      "dependencies": {
        "asterisk-frame-printer": "~1.0.1"
      }
    },
    "node_modules/asterisk-frame-printer": {
      "version": "1.0.2",
      "resolved": "https://registry.npmjs.org/asterisk-frame-printer/-/asterisk-frame-printer-1.0.2.tgz",
      "integrity": "sha512-91mquGDE7zRSJl0jl6ZsFlE+36vDzVvETMtCtQGwUJ7ERD14tVMFjs7Ws6L6BtTDVeEl6qckHh3oEY2CHQHBTw=="
    }
  },
  "dependencies": {
    "asterisk-frame-printer": {
      "version": "1.0.2",
      "resolved": "https://registry.npmjs.org/asterisk-frame-printer/-/asterisk-frame-printer-1.0.2.tgz",
      "integrity": "sha512-91mquGDE7zRSJl0jl6ZsFlE+36vDzVvETMtCtQGwUJ7ERD14tVMFjs7Ws6L6BtTDVeEl6qckHh3oEY2CHQHBTw=="
    }
  }
}
